
Microsoft Visual Studio Solution File, Format Version 12.00
# Visual Studio Version 17
VisualStudioVersion = 17.2.32616.157
MinimumVisualStudioVersion = 10.0.40219.1
Project("{9A19103F-16F7-4668-BE54-9A1E7A4F7556}") = "LMS.WebAPI", "LMS.WebAPI\LMS.WebAPI.csproj", "{D20FBB8F-68F9-4807-9CFC-814F2B3E604D}"
EndProject
Project("{FAE04EC0-301F-11D3-BF4B-00C04F79EFBC}") = "LMS.Data", "LMS.Data\LMS.Data.csproj", "{378E3E9C-D8EF-499E-83A2-E9D486BB55DC}"
EndProject
Project("{FAE04EC0-301F-11D3-BF4B-00C04F79EFBC}") = "LMS.Model", "LMS.Model\LMS.Model.csproj", "{C64B6914-FC05-4F6C-879C-05449B98FE4E}"
EndProject
Global
	GlobalSection(SolutionConfigurationPlatforms) = preSolution
		Debug|Any CPU = Debug|Any CPU
		Release|Any CPU = Release|Any CPU
	EndGlobalSection
	GlobalSection(ProjectConfigurationPlatforms) = postSolution
		{D20FBB8F-68F9-4807-9CFC-814F2B3E604D}.Debug|Any CPU.ActiveCfg = Debug|Any CPU
		{D20FBB8F-68F9-4807-9CFC-814F2B3E604D}.Debug|Any CPU.Build.0 = Debug|Any CPU
		{D20FBB8F-68F9-4807-9CFC-814F2B3E604D}.Release|Any CPU.ActiveCfg = Release|Any CPU
		{D20FBB8F-68F9-4807-9CFC-814F2B3E604D}.Release|Any CPU.Build.0 = Release|Any CPU
		{378E3E9C-D8EF-499E-83A2-E9D486BB55DC}.Debug|Any CPU.ActiveCfg = Debug|Any CPU
		{378E3E9C-D8EF-499E-83A2-E9D486BB55DC}.Debug|Any CPU.Build.0 = Debug|Any CPU
		{378E3E9C-D8EF-499E-83A2-E9D486BB55DC}.Release|Any CPU.ActiveCfg = Release|Any CPU
		{378E3E9C-D8EF-499E-83A2-E9D486BB55DC}.Release|Any CPU.Build.0 = Release|Any CPU
		{C64B6914-FC05-4F6C-879C-05449B98FE4E}.Debug|Any CPU.ActiveCfg = Debug|Any CPU
		{C64B6914-FC05-4F6C-879C-05449B98FE4E}.Debug|Any CPU.Build.0 = Debug|Any CPU
		{C64B6914-FC05-4F6C-879C-05449B98FE4E}.Release|Any CPU.ActiveCfg = Release|Any CPU
		{C64B6914-FC05-4F6C-879C-05449B98FE4E}.Release|Any CPU.Build.0 = Release|Any CPU
	EndGlobalSection
	GlobalSection(SolutionProperties) = preSolution
		HideSolutionNode = FALSE
	EndGlobalSection
	GlobalSection(ExtensibilityGlobals) = postSolution
		SolutionGuid = {44369255-508A-4EAE-99D6-702C42D5817E}
	EndGlobalSection
EndGlobal
